// !$*UTF8*$!
{
	archiveVersion = 1;
	classes = {
	};
	objectVersion = 46;
	objects = {

/* Begin PBXBuildFile section */
		00096B85B4B5063F025433BA /* Pods_FYPlayer.framework in Frameworks */ = {isa = PBXBuildFile; fileRef = E03B4937B6A8068C0058B5A7 /* Pods_FYPlayer.framework */; };
		8E406B6E23E3ED51001AF74B /* Player.swift in Sources */ = {isa = PBXBuildFile; fileRef = 8E406B6D23E3ED51001AF74B /* Player.swift */; };
		8E406B7023E3ED87001AF74B /* AppDelegate.swift in Sources */ = {isa = PBXBuildFile; fileRef = 8E406B6F23E3ED87001AF74B /* AppDelegate.swift */; };
		8E406B7223E3F35E001AF74B /* MainViewController.swift in Sources */ = {isa = PBXBuildFile; fileRef = 8E406B7123E3F35E001AF74B /* MainViewController.swift */; };
		8E406B7423E544D5001AF74B /* MusicViewController.swift in Sources */ = {isa = PBXBuildFile; fileRef = 8E406B7323E544D5001AF74B /* MusicViewController.swift */; };
		8E406B7623E54502001AF74B /* VideoListViewController.swift in Sources */ = {isa = PBXBuildFile; fileRef = 8E406B7523E54502001AF74B /* VideoListViewController.swift */; };
		8E406B7A23E54689001AF74B /* LiveViewController.swift in Sources */ = {isa = PBXBuildFile; fileRef = 8E406B7923E54689001AF74B /* LiveViewController.swift */; };
		8E406B7C23E69FE2001AF74B /* video_list.json in Resources */ = {isa = PBXBuildFile; fileRef = 8E406B7B23E69FE1001AF74B /* video_list.json */; };
		8E65887B23F3E79600FA7ACC /* Configs.swift in Sources */ = {isa = PBXBuildFile; fileRef = 8E65887A23F3E79600FA7ACC /* Configs.swift */; };
		8E6C335E1F38415200BBF938 /* FYSlider.m in Sources */ = {isa = PBXBuildFile; fileRef = 8E6C335D1F38415200BBF938 /* FYSlider.m */; };
		8EA5CBDD1F0F713F0097A69F /* Assets.xcassets in Resources */ = {isa = PBXBuildFile; fileRef = 8EA5CBDC1F0F713F0097A69F /* Assets.xcassets */; };
		8EA5CBE01F0F713F0097A69F /* LaunchScreen.storyboard in Resources */ = {isa = PBXBuildFile; fileRef = 8EA5CBDE1F0F713F0097A69F /* LaunchScreen.storyboard */; };
		8EA5CBEB1F0F713F0097A69F /* FYPlayerTests.m in Sources */ = {isa = PBXBuildFile; fileRef = 8EA5CBEA1F0F713F0097A69F /* FYPlayerTests.m */; };
		8EA5CBFB1F0F71C60097A69F /* FYPlayerView.m in Sources */ = {isa = PBXBuildFile; fileRef = 8EA5CBFA1F0F71C60097A69F /* FYPlayerView.m */; };
		8EA5CBFE1F0F71D80097A69F /* FYPlayerControlView.m in Sources */ = {isa = PBXBuildFile; fileRef = 8EA5CBFD1F0F71D80097A69F /* FYPlayerControlView.m */; };
		8EA5CC011F0F720A0097A69F /* FYVideoModel.m in Sources */ = {isa = PBXBuildFile; fileRef = 8EA5CC001F0F720A0097A69F /* FYVideoModel.m */; };
		DB8E3877629EE4E7EE4FB3BE /* Pods_FYPlayerTests.framework in Frameworks */ = {isa = PBXBuildFile; fileRef = F6A39DC0CAFEBAB5725BF294 /* Pods_FYPlayerTests.framework */; };
/* End PBXBuildFile section */

/* Begin PBXContainerItemProxy section */
		8EA5CBE71F0F713F0097A69F /* PBXContainerItemProxy */ = {
			isa = PBXContainerItemProxy;
			containerPortal = 8EA5CBC51F0F713F0097A69F /* Project object */;
			proxyType = 1;
			remoteGlobalIDString = 8EA5CBCC1F0F713F0097A69F;
			remoteInfo = FYPlayer;
		};
/* End PBXContainerItemProxy section */

/* Begin PBXCopyFilesBuildPhase section */
		8E1BD0951F1622F500DF46D0 /* Embed PlugIns */ = {
			isa = PBXCopyFilesBuildPhase;
			buildActionMask = 2147483647;
			dstPath = "";
			dstSubfolderSpec = 13;
			files = (
			);
			name = "Embed PlugIns";
			runOnlyForDeploymentPostprocessing = 0;
		};
/* End PBXCopyFilesBuildPhase section */

/* Begin PBXFileReference section */
		2AABF42F6B51D57CD56842C7 /* Pods_FYBundle.framework */ = {isa = PBXFileReference; explicitFileType = wrapper.framework; includeInIndex = 0; path = Pods_FYBundle.framework; sourceTree = BUILT_PRODUCTS_DIR; };
		48BA95DB1C79C02083C36779 /* Pods-FYPlayerTests.release.xcconfig */ = {isa = PBXFileReference; includeInIndex = 1; lastKnownFileType = text.xcconfig; name = "Pods-FYPlayerTests.release.xcconfig"; path = "Target Support Files/Pods-FYPlayerTests/Pods-FYPlayerTests.release.xcconfig"; sourceTree = "<group>"; };
		6F4039F17BAFF6B366B913C0 /* Pods-FYBundle.release.xcconfig */ = {isa = PBXFileReference; includeInIndex = 1; lastKnownFileType = text.xcconfig; name = "Pods-FYBundle.release.xcconfig"; path = "Target Support Files/Pods-FYBundle/Pods-FYBundle.release.xcconfig"; sourceTree = "<group>"; };
		8E1BD0451F1609E700DF46D0 /* Info.plist */ = {isa = PBXFileReference; lastKnownFileType = text.plist.xml; path = Info.plist; sourceTree = "<group>"; };
		8E1BD0491F160AC800DF46D0 /* FYPlayer_bottom_shadow.png */ = {isa = PBXFileReference; lastKnownFileType = image.png; path = FYPlayer_bottom_shadow.png; sourceTree = "<group>"; };
		8E1BD04A1F160AC800DF46D0 /* FYPlayer_fullscreen.png */ = {isa = PBXFileReference; lastKnownFileType = image.png; path = FYPlayer_fullscreen.png; sourceTree = "<group>"; };
		8E1BD04B1F160AC800DF46D0 /* FYPlayer_fullscreen@2x.png */ = {isa = PBXFileReference; lastKnownFileType = image.png; path = "FYPlayer_fullscreen@2x.png"; sourceTree = "<group>"; };
		8E1BD04C1F160AC800DF46D0 /* FYPlayer_fullscreen@3x.png */ = {isa = PBXFileReference; lastKnownFileType = image.png; path = "FYPlayer_fullscreen@3x.png"; sourceTree = "<group>"; };
		8E1BD04D1F160AC800DF46D0 /* FYPlayer_pause.png */ = {isa = PBXFileReference; lastKnownFileType = image.png; path = FYPlayer_pause.png; sourceTree = "<group>"; };
		8E1BD04E1F160AC800DF46D0 /* FYPlayer_pause@2x.png */ = {isa = PBXFileReference; lastKnownFileType = image.png; path = "FYPlayer_pause@2x.png"; sourceTree = "<group>"; };
		8E1BD04F1F160AC800DF46D0 /* FYPlayer_pause@3x.png */ = {isa = PBXFileReference; lastKnownFileType = image.png; path = "FYPlayer_pause@3x.png"; sourceTree = "<group>"; };
		8E1BD0501F160AC800DF46D0 /* FYPlayer_play.png */ = {isa = PBXFileReference; lastKnownFileType = image.png; path = FYPlayer_play.png; sourceTree = "<group>"; };
		8E1BD0511F160AC800DF46D0 /* FYPlayer_play@2x.png */ = {isa = PBXFileReference; lastKnownFileType = image.png; path = "FYPlayer_play@2x.png"; sourceTree = "<group>"; };
		8E1BD0521F160AC800DF46D0 /* FYPlayer_play@3x.png */ = {isa = PBXFileReference; lastKnownFileType = image.png; path = "FYPlayer_play@3x.png"; sourceTree = "<group>"; };
		8E1BD0531F160AC800DF46D0 /* FYPlayer_top_shadow.png */ = {isa = PBXFileReference; lastKnownFileType = image.png; path = FYPlayer_top_shadow.png; sourceTree = "<group>"; };
		8E406B6C23E3ED50001AF74B /* FYPlayer-Bridging-Header.h */ = {isa = PBXFileReference; lastKnownFileType = sourcecode.c.h; path = "FYPlayer-Bridging-Header.h"; sourceTree = "<group>"; };
		8E406B6D23E3ED51001AF74B /* Player.swift */ = {isa = PBXFileReference; lastKnownFileType = sourcecode.swift; path = Player.swift; sourceTree = "<group>"; };
		8E406B6F23E3ED87001AF74B /* AppDelegate.swift */ = {isa = PBXFileReference; lastKnownFileType = sourcecode.swift; path = AppDelegate.swift; sourceTree = "<group>"; };
		8E406B7123E3F35E001AF74B /* MainViewController.swift */ = {isa = PBXFileReference; lastKnownFileType = sourcecode.swift; path = MainViewController.swift; sourceTree = "<group>"; };
		8E406B7323E544D5001AF74B /* MusicViewController.swift */ = {isa = PBXFileReference; lastKnownFileType = sourcecode.swift; path = MusicViewController.swift; sourceTree = "<group>"; };
		8E406B7523E54502001AF74B /* VideoListViewController.swift */ = {isa = PBXFileReference; lastKnownFileType = sourcecode.swift; path = VideoListViewController.swift; sourceTree = "<group>"; };
		8E406B7923E54689001AF74B /* LiveViewController.swift */ = {isa = PBXFileReference; lastKnownFileType = sourcecode.swift; path = LiveViewController.swift; sourceTree = "<group>"; };
		8E406B7B23E69FE1001AF74B /* video_list.json */ = {isa = PBXFileReference; fileEncoding = 4; lastKnownFileType = text.json; path = video_list.json; sourceTree = "<group>"; };
		8E65887A23F3E79600FA7ACC /* Configs.swift */ = {isa = PBXFileReference; lastKnownFileType = sourcecode.swift; path = Configs.swift; sourceTree = "<group>"; };
		8E6C335C1F38415200BBF938 /* FYSlider.h */ = {isa = PBXFileReference; fileEncoding = 4; lastKnownFileType = sourcecode.c.h; path = FYSlider.h; sourceTree = "<group>"; };
		8E6C335D1F38415200BBF938 /* FYSlider.m */ = {isa = PBXFileReference; fileEncoding = 4; lastKnownFileType = sourcecode.c.objc; path = FYSlider.m; sourceTree = "<group>"; };
		8EA5CBCD1F0F713F0097A69F /* FYPlayer.app */ = {isa = PBXFileReference; explicitFileType = wrapper.application; includeInIndex = 0; path = FYPlayer.app; sourceTree = BUILT_PRODUCTS_DIR; };
		8EA5CBDC1F0F713F0097A69F /* Assets.xcassets */ = {isa = PBXFileReference; lastKnownFileType = folder.assetcatalog; path = Assets.xcassets; sourceTree = "<group>"; };
		8EA5CBDF1F0F713F0097A69F /* Base */ = {isa = PBXFileReference; lastKnownFileType = file.storyboard; name = Base; path = Base.lproj/LaunchScreen.storyboard; sourceTree = "<group>"; };
		8EA5CBE11F0F713F0097A69F /* Info.plist */ = {isa = PBXFileReference; lastKnownFileType = text.plist.xml; path = Info.plist; sourceTree = "<group>"; };
		8EA5CBE61F0F713F0097A69F /* FYPlayerTests.xctest */ = {isa = PBXFileReference; explicitFileType = wrapper.cfbundle; includeInIndex = 0; path = FYPlayerTests.xctest; sourceTree = BUILT_PRODUCTS_DIR; };
		8EA5CBEA1F0F713F0097A69F /* FYPlayerTests.m */ = {isa = PBXFileReference; lastKnownFileType = sourcecode.c.objc; path = FYPlayerTests.m; sourceTree = "<group>"; };
		8EA5CBEC1F0F713F0097A69F /* Info.plist */ = {isa = PBXFileReference; lastKnownFileType = text.plist.xml; path = Info.plist; sourceTree = "<group>"; };
		8EA5CBF91F0F71C60097A69F /* FYPlayerView.h */ = {isa = PBXFileReference; fileEncoding = 4; lastKnownFileType = sourcecode.c.h; path = FYPlayerView.h; sourceTree = "<group>"; };
		8EA5CBFA1F0F71C60097A69F /* FYPlayerView.m */ = {isa = PBXFileReference; fileEncoding = 4; lastKnownFileType = sourcecode.c.objc; path = FYPlayerView.m; sourceTree = "<group>"; };
		8EA5CBFC1F0F71D80097A69F /* FYPlayerControlView.h */ = {isa = PBXFileReference; fileEncoding = 4; lastKnownFileType = sourcecode.c.h; path = FYPlayerControlView.h; sourceTree = "<group>"; };
		8EA5CBFD1F0F71D80097A69F /* FYPlayerControlView.m */ = {isa = PBXFileReference; fileEncoding = 4; lastKnownFileType = sourcecode.c.objc; path = FYPlayerControlView.m; sourceTree = "<group>"; };
		8EA5CBFF1F0F720A0097A69F /* FYVideoModel.h */ = {isa = PBXFileReference; fileEncoding = 4; lastKnownFileType = sourcecode.c.h; path = FYVideoModel.h; sourceTree = "<group>"; };
		8EA5CC001F0F720A0097A69F /* FYVideoModel.m */ = {isa = PBXFileReference; fileEncoding = 4; lastKnownFileType = sourcecode.c.objc; path = FYVideoModel.m; sourceTree = "<group>"; };
		8EA5CC021F0F723B0097A69F /* FYPlayer.h */ = {isa = PBXFileReference; fileEncoding = 4; lastKnownFileType = sourcecode.c.h; path = FYPlayer.h; sourceTree = "<group>"; };
		90EDEE1D2A59CA4332E06D40 /* Pods-FYPlayer.release.xcconfig */ = {isa = PBXFileReference; includeInIndex = 1; lastKnownFileType = text.xcconfig; name = "Pods-FYPlayer.release.xcconfig"; path = "Target Support Files/Pods-FYPlayer/Pods-FYPlayer.release.xcconfig"; sourceTree = "<group>"; };
		AFF88A9F05D228C943B46C25 /* Pods-FYBundle.debug.xcconfig */ = {isa = PBXFileReference; includeInIndex = 1; lastKnownFileType = text.xcconfig; name = "Pods-FYBundle.debug.xcconfig"; path = "Target Support Files/Pods-FYBundle/Pods-FYBundle.debug.xcconfig"; sourceTree = "<group>"; };
		E03B4937B6A8068C0058B5A7 /* Pods_FYPlayer.framework */ = {isa = PBXFileReference; explicitFileType = wrapper.framework; includeInIndex = 0; path = Pods_FYPlayer.framework; sourceTree = BUILT_PRODUCTS_DIR; };
		F0824BE8138474AB38807D41 /* Pods-FYPlayer.debug.xcconfig */ = {isa = PBXFileReference; includeInIndex = 1; lastKnownFileType = text.xcconfig; name = "Pods-FYPlayer.debug.xcconfig"; path = "Target Support Files/Pods-FYPlayer/Pods-FYPlayer.debug.xcconfig"; sourceTree = "<group>"; };
		F6A39DC0CAFEBAB5725BF294 /* Pods_FYPlayerTests.framework */ = {isa = PBXFileReference; explicitFileType = wrapper.framework; includeInIndex = 0; path = Pods_FYPlayerTests.framework; sourceTree = BUILT_PRODUCTS_DIR; };
		FED2BE76DEF7C1EB22688F2C /* Pods-FYPlayerTests.debug.xcconfig */ = {isa = PBXFileReference; includeInIndex = 1; lastKnownFileType = text.xcconfig; name = "Pods-FYPlayerTests.debug.xcconfig"; path = "Target Support Files/Pods-FYPlayerTests/Pods-FYPlayerTests.debug.xcconfig"; sourceTree = "<group>"; };
/* End PBXFileReference section */

/* Begin PBXFrameworksBuildPhase section */
		8EA5CBCA1F0F713F0097A69F /* Frameworks */ = {
			isa = PBXFrameworksBuildPhase;
			buildActionMask = 2147483647;
			files = (
				00096B85B4B5063F025433BA /* Pods_FYPlayer.framework in Frameworks */,
			);
			runOnlyForDeploymentPostprocessing = 0;
		};
		8EA5CBE31F0F713F0097A69F /* Frameworks */ = {
			isa = PBXFrameworksBuildPhase;
			buildActionMask = 2147483647;
			files = (
				DB8E3877629EE4E7EE4FB3BE /* Pods_FYPlayerTests.framework in Frameworks */,
			);
			runOnlyForDeploymentPostprocessing = 0;
		};
/* End PBXFrameworksBuildPhase section */

/* Begin PBXGroup section */
		042D91FC5D960C14880ECBB5 /* Frameworks */ = {
			isa = PBXGroup;
			children = (
				2AABF42F6B51D57CD56842C7 /* Pods_FYBundle.framework */,
				E03B4937B6A8068C0058B5A7 /* Pods_FYPlayer.framework */,
				F6A39DC0CAFEBAB5725BF294 /* Pods_FYPlayerTests.framework */,
			);
			name = Frameworks;
			sourceTree = "<group>";
		};
		807A62ACB02772831BBFAC49 /* Pods */ = {
			isa = PBXGroup;
			children = (
				AFF88A9F05D228C943B46C25 /* Pods-FYBundle.debug.xcconfig */,
				6F4039F17BAFF6B366B913C0 /* Pods-FYBundle.release.xcconfig */,
				F0824BE8138474AB38807D41 /* Pods-FYPlayer.debug.xcconfig */,
				90EDEE1D2A59CA4332E06D40 /* Pods-FYPlayer.release.xcconfig */,
				FED2BE76DEF7C1EB22688F2C /* Pods-FYPlayerTests.debug.xcconfig */,
				48BA95DB1C79C02083C36779 /* Pods-FYPlayerTests.release.xcconfig */,
			);
			path = Pods;
			sourceTree = "<group>";
		};
		8E1BD0441F1609E700DF46D0 /* FYBundle */ = {
			isa = PBXGroup;
			children = (
				8E1BD0451F1609E700DF46D0 /* Info.plist */,
				8E1BD0491F160AC800DF46D0 /* FYPlayer_bottom_shadow.png */,
				8E1BD04A1F160AC800DF46D0 /* FYPlayer_fullscreen.png */,
				8E1BD04B1F160AC800DF46D0 /* FYPlayer_fullscreen@2x.png */,
				8E1BD04C1F160AC800DF46D0 /* FYPlayer_fullscreen@3x.png */,
				8E1BD04D1F160AC800DF46D0 /* FYPlayer_pause.png */,
				8E1BD04E1F160AC800DF46D0 /* FYPlayer_pause@2x.png */,
				8E1BD04F1F160AC800DF46D0 /* FYPlayer_pause@3x.png */,
				8E1BD0501F160AC800DF46D0 /* FYPlayer_play.png */,
				8E1BD0511F160AC800DF46D0 /* FYPlayer_play@2x.png */,
				8E1BD0521F160AC800DF46D0 /* FYPlayer_play@3x.png */,
				8E1BD0531F160AC800DF46D0 /* FYPlayer_top_shadow.png */,
			);
			path = FYBundle;
			sourceTree = "<group>";
		};
		8E406B7723E54560001AF74B /* Scene */ = {
			isa = PBXGroup;
			children = (
				8E406B7823E54585001AF74B /* View */,
				8E406B7123E3F35E001AF74B /* MainViewController.swift */,
				8E406B7523E54502001AF74B /* VideoListViewController.swift */,
				8E406B7323E544D5001AF74B /* MusicViewController.swift */,
				8E406B7923E54689001AF74B /* LiveViewController.swift */,
			);
			path = Scene;
			sourceTree = "<group>";
		};
		8E406B7823E54585001AF74B /* View */ = {
			isa = PBXGroup;
			children = (
			);
			path = View;
			sourceTree = "<group>";
		};
		8E65887823F3E73C00FA7ACC /* Foundation */ = {
			isa = PBXGroup;
			children = (
				8E65887A23F3E79600FA7ACC /* Configs.swift */,
			);
			path = Foundation;
			sourceTree = "<group>";
		};
		8E65887923F3E77200FA7ACC /* Application */ = {
			isa = PBXGroup;
			children = (
				8E406B6F23E3ED87001AF74B /* AppDelegate.swift */,
				8E406B6C23E3ED50001AF74B /* FYPlayer-Bridging-Header.h */,
			);
			path = Application;
			sourceTree = "<group>";
		};
		8EA5CBC41F0F713F0097A69F = {
			isa = PBXGroup;
			children = (
				8EA5CBCF1F0F713F0097A69F /* FYPlayer */,
				8EA5CBE91F0F713F0097A69F /* FYPlayerTests */,
				8E1BD0441F1609E700DF46D0 /* FYBundle */,
				8EA5CBCE1F0F713F0097A69F /* Products */,
				807A62ACB02772831BBFAC49 /* Pods */,
				042D91FC5D960C14880ECBB5 /* Frameworks */,
			);
			sourceTree = "<group>";
		};
		8EA5CBCE1F0F713F0097A69F /* Products */ = {
			isa = PBXGroup;
			children = (
				8EA5CBCD1F0F713F0097A69F /* FYPlayer.app */,
				8EA5CBE61F0F713F0097A69F /* FYPlayerTests.xctest */,
			);
			name = Products;
			sourceTree = "<group>";
		};
		8EA5CBCF1F0F713F0097A69F /* FYPlayer */ = {
			isa = PBXGroup;
			children = (
				8E65887923F3E77200FA7ACC /* Application */,
				8E65887823F3E73C00FA7ACC /* Foundation */,
				8EA5CBF81F0F71B30097A69F /* Source */,
				8E406B7723E54560001AF74B /* Scene */,
				8EA5CBD01F0F713F0097A69F /* Supporting Files */,
			);
			path = FYPlayer;
			sourceTree = "<group>";
		};
		8EA5CBD01F0F713F0097A69F /* Supporting Files */ = {
			isa = PBXGroup;
			children = (
				8E406B7B23E69FE1001AF74B /* video_list.json */,
				8EA5CBDC1F0F713F0097A69F /* Assets.xcassets */,
				8EA5CBDE1F0F713F0097A69F /* LaunchScreen.storyboard */,
				8EA5CBE11F0F713F0097A69F /* Info.plist */,
			);
			name = "Supporting Files";
			sourceTree = "<group>";
		};
		8EA5CBE91F0F713F0097A69F /* FYPlayerTests */ = {
			isa = PBXGroup;
			children = (
				8EA5CBEA1F0F713F0097A69F /* FYPlayerTests.m */,
				8EA5CBEC1F0F713F0097A69F /* Info.plist */,
			);
			path = FYPlayerTests;
			sourceTree = "<group>";
		};
		8EA5CBF81F0F71B30097A69F /* Source */ = {
			isa = PBXGroup;
			children = (
				8EA5CC021F0F723B0097A69F /* FYPlayer.h */,
				8EA5CBFF1F0F720A0097A69F /* FYVideoModel.h */,
				8EA5CC001F0F720A0097A69F /* FYVideoModel.m */,
				8EA5CBF91F0F71C60097A69F /* FYPlayerView.h */,
				8EA5CBFA1F0F71C60097A69F /* FYPlayerView.m */,
				8EA5CBFC1F0F71D80097A69F /* FYPlayerControlView.h */,
				8EA5CBFD1F0F71D80097A69F /* FYPlayerControlView.m */,
				8E6C335C1F38415200BBF938 /* FYSlider.h */,
				8E6C335D1F38415200BBF938 /* FYSlider.m */,
				8E406B6D23E3ED51001AF74B /* Player.swift */,
			);
			path = Source;
			sourceTree = "<group>";
		};
/* End PBXGroup section */

/* Begin PBXNativeTarget section */
		8EA5CBCC1F0F713F0097A69F /* FYPlayer */ = {
			isa = PBXNativeTarget;
			buildConfigurationList = 8EA5CBEF1F0F713F0097A69F /* Build configuration list for PBXNativeTarget "FYPlayer" */;
			buildPhases = (
				639613D88FD028420EA371CE /* [CP] Check Pods Manifest.lock */,
				8EA5CBC91F0F713F0097A69F /* Sources */,
				8EA5CBCA1F0F713F0097A69F /* Frameworks */,
				8EA5CBCB1F0F713F0097A69F /* Resources */,
				8E1BD0951F1622F500DF46D0 /* Embed PlugIns */,
				005578C0EABE15D2859ADF3A /* [CP] Embed Pods Frameworks */,
			);
			buildRules = (
			);
			dependencies = (
			);
			name = FYPlayer;
			productName = FYPlayer;
			productReference = 8EA5CBCD1F0F713F0097A69F /* FYPlayer.app */;
			productType = "com.apple.product-type.application";
		};
		8EA5CBE51F0F713F0097A69F /* FYPlayerTests */ = {
			isa = PBXNativeTarget;
			buildConfigurationList = 8EA5CBF21F0F713F0097A69F /* Build configuration list for PBXNativeTarget "FYPlayerTests" */;
			buildPhases = (
				87BDEB46454E0A85C46BACC0 /* [CP] Check Pods Manifest.lock */,
				8EA5CBE21F0F713F0097A69F /* Sources */,
				8EA5CBE31F0F713F0097A69F /* Frameworks */,
				8EA5CBE41F0F713F0097A69F /* Resources */,
			);
			buildRules = (
			);
			dependencies = (
				8EA5CBE81F0F713F0097A69F /* PBXTargetDependency */,
			);
			name = FYPlayerTests;
			productName = FYPlayerTests;
			productReference = 8EA5CBE61F0F713F0097A69F /* FYPlayerTests.xctest */;
			productType = "com.apple.product-type.bundle.unit-test";
		};
/* End PBXNativeTarget section */

/* Begin PBXProject section */
		8EA5CBC51F0F713F0097A69F /* Project object */ = {
			isa = PBXProject;
			attributes = {
				LastUpgradeCheck = 0830;
				ORGANIZATIONNAME = zhangferry;
				TargetAttributes = {
					8EA5CBCC1F0F713F0097A69F = {
						CreatedOnToolsVersion = 8.3.1;
						DevelopmentTeam = X36232M6Y9;
						LastSwiftMigration = 1110;
						ProvisioningStyle = Automatic;
					};
					8EA5CBE51F0F713F0097A69F = {
						CreatedOnToolsVersion = 8.3.1;
						ProvisioningStyle = Automatic;
						TestTargetID = 8EA5CBCC1F0F713F0097A69F;
					};
				};
			};
			buildConfigurationList = 8EA5CBC81F0F713F0097A69F /* Build configuration list for PBXProject "FYPlayer" */;
			compatibilityVersion = "Xcode 3.2";
			developmentRegion = English;
			hasScannedForEncodings = 0;
			knownRegions = (
				English,
				en,
				Base,
			);
			mainGroup = 8EA5CBC41F0F713F0097A69F;
			productRefGroup = 8EA5CBCE1F0F713F0097A69F /* Products */;
			projectDirPath = "";
			projectRoot = "";
			targets = (
				8EA5CBCC1F0F713F0097A69F /* FYPlayer */,
				8EA5CBE51F0F713F0097A69F /* FYPlayerTests */,
			);
		};
/* End PBXProject section */

/* Begin PBXResourcesBuildPhase section */
		8EA5CBCB1F0F713F0097A69F /* Resources */ = {
			isa = PBXResourcesBuildPhase;
			buildActionMask = 2147483647;
			files = (
				8EA5CBE01F0F713F0097A69F /* LaunchScreen.storyboard in Resources */,
				8E406B7C23E69FE2001AF74B /* video_list.json in Resources */,
				8EA5CBDD1F0F713F0097A69F /* Assets.xcassets in Resources */,
			);
			runOnlyForDeploymentPostprocessing = 0;
		};
		8EA5CBE41F0F713F0097A69F /* Resources */ = {
			isa = PBXResourcesBuildPhase;
			buildActionMask = 2147483647;
			files = (
			);
			runOnlyForDeploymentPostprocessing = 0;
		};
/* End PBXResourcesBuildPhase section */

/* Begin PBXShellScriptBuildPhase section */
		005578C0EABE15D2859ADF3A /* [CP] Embed Pods Frameworks */ = {
			isa = PBXShellScriptBuildPhase;
			buildActionMask = 2147483647;
			files = (
			);
			inputPaths = (
				"${PODS_ROOT}/Target Support Files/Pods-FYPlayer/Pods-FYPlayer-frameworks.sh",
				"${BUILT_PRODUCTS_DIR}/Masonry/Masonry.framework",
				"${BUILT_PRODUCTS_DIR}/SnapKit/SnapKit.framework",
			);
			name = "[CP] Embed Pods Frameworks";
			outputPaths = (
				"${TARGET_BUILD_DIR}/${FRAMEWORKS_FOLDER_PATH}/Masonry.framework",
				"${TARGET_BUILD_DIR}/${FRAMEWORKS_FOLDER_PATH}/SnapKit.framework",
			);
			runOnlyForDeploymentPostprocessing = 0;
			shellPath = /bin/sh;
			shellScript = "\"${PODS_ROOT}/Target Support Files/Pods-FYPlayer/Pods-FYPlayer-frameworks.sh\"\n";
			showEnvVarsInLog = 0;
		};
		639613D88FD028420EA371CE /* [CP] Check Pods Manifest.lock */ = {
			isa = PBXShellScriptBuildPhase;
			buildActionMask = 2147483647;
			files = (
			);
			inputFileListPaths = (
			);
			inputPaths = (
				"${PODS_PODFILE_DIR_PATH}/Podfile.lock",
				"${PODS_ROOT}/Manifest.lock",
			);
			name = "[CP] Check Pods Manifest.lock";
			outputFileListPaths = (
			);
			outputPaths = (
				"$(DERIVED_FILE_DIR)/Pods-FYPlayer-checkManifestLockResult.txt",
			);
			runOnlyForDeploymentPostprocessing = 0;
			shellPath = /bin/sh;
			shellScript = "diff \"${PODS_PODFILE_DIR_PATH}/Podfile.lock\" \"${PODS_ROOT}/Manifest.lock\" > /dev/null\nif [ $? != 0 ] ; then\n    # print error to STDERR\n    echo \"error: The sandbox is not in sync with the Podfile.lock. Run 'pod install' or update your CocoaPods installation.\" >&2\n    exit 1\nfi\n# This output is used by Xcode 'outputs' to avoid re-running this script phase.\necho \"SUCCESS\" > \"${SCRIPT_OUTPUT_FILE_0}\"\n";
			showEnvVarsInLog = 0;
		};
		87BDEB46454E0A85C46BACC0 /* [CP] Check Pods Manifest.lock */ = {
			isa = PBXShellScriptBuildPhase;
			buildActionMask = 2147483647;
			files = (
			);
			inputFileListPaths = (
			);
			inputPaths = (
				"${PODS_PODFILE_DIR_PATH}/Podfile.lock",
				"${PODS_ROOT}/Manifest.lock",
			);
			name = "[CP] Check Pods Manifest.lock";
			outputFileListPaths = (
			);
			outputPaths = (
				"$(DERIVED_FILE_DIR)/Pods-FYPlayerTests-checkManifestLockResult.txt",
			);
			runOnlyForDeploymentPostprocessing = 0;
			shellPath = /bin/sh;
			shellScript = "diff \"${PODS_PODFILE_DIR_PATH}/Podfile.lock\" \"${PODS_ROOT}/Manifest.lock\" > /dev/null\nif [ $? != 0 ] ; then\n    # print error to STDERR\n    echo \"error: The sandbox is not in sync with the Podfile.lock. Run 'pod install' or update your CocoaPods installation.\" >&2\n    exit 1\nfi\n# This output is used by Xcode 'outputs' to avoid re-running this script phase.\necho \"SUCCESS\" > \"${SCRIPT_OUTPUT_FILE_0}\"\n";
			showEnvVarsInLog = 0;
		};
/* End PBXShellScriptBuildPhase section */

/* Begin PBXSourcesBuildPhase section */
		8EA5CBC91F0F713F0097A69F /* Sources */ = {
			isa = PBXSourcesBuildPhase;
			buildActionMask = 2147483647;
			files = (
				8E406B7023E3ED87001AF74B /* AppDelegate.swift in Sources */,
				8EA5CBFE1F0F71D80097A69F /* FYPlayerControlView.m in Sources */,
				8E406B7623E54502001AF74B /* VideoListViewController.swift in Sources */,
				8E406B7423E544D5001AF74B /* MusicViewController.swift in Sources */,
				8E406B7A23E54689001AF74B /* LiveViewController.swift in Sources */,
				8EA5CC011F0F720A0097A69F /* FYVideoModel.m in Sources */,
				8E6C335E1F38415200BBF938 /* FYSlider.m in Sources */,
				8E406B7223E3F35E001AF74B /* MainViewController.swift in Sources */,
				8E406B6E23E3ED51001AF74B /* Player.swift in Sources */,
				8EA5CBFB1F0F71C60097A69F /* FYPlayerView.m in Sources */,
				8E65887B23F3E79600FA7ACC /* Configs.swift in Sources */,
			);
			runOnlyForDeploymentPostprocessing = 0;
		};
		8EA5CBE21F0F713F0097A69F /* Sources */ = {
			isa = PBXSourcesBuildPhase;
			buildActionMask = 2147483647;
			files = (
				8EA5CBEB1F0F713F0097A69F /* FYPlayerTests.m in Sources */,
			);
			runOnlyForDeploymentPostprocessing = 0;
		};
/* End PBXSourcesBuildPhase section */

/* Begin PBXTargetDependency section */
		8EA5CBE81F0F713F0097A69F /* PBXTargetDependency */ = {
			isa = PBXTargetDependency;
			target = 8EA5CBCC1F0F713F0097A69F /* FYPlayer */;
			targetProxy = 8EA5CBE71F0F713F0097A69F /* PBXContainerItemProxy */;
		};
/* End PBXTargetDependency section */

/* Begin PBXVariantGroup section */
		8EA5CBDE1F0F713F0097A69F /* LaunchScreen.storyboard */ = {
			isa = PBXVariantGroup;
			children = (
				8EA5CBDF1F0F713F0097A69F /* Base */,
			);
			name = LaunchScreen.storyboard;
			sourceTree = "<group>";
		};
/* End PBXVariantGroup section */

/* Begin XCBuildConfiguration section */
		8EA5CBED1F0F713F0097A69F /* Debug */ = {
			isa = XCBuildConfiguration;
			buildSettings = {
				ALWAYS_SEARCH_USER_PATHS = NO;
				CLANG_ANALYZER_NONNULL = YES;
				CLANG_ANALYZER_NUMBER_OBJECT_CONVERSION = YES_AGGRESSIVE;
				CLANG_CXX_LANGUAGE_STANDARD = "gnu++0x";
				CLANG_CXX_LIBRARY = "libc++";
				CLANG_ENABLE_MODULES = YES;
				CLANG_ENABLE_OBJC_ARC = YES;
				CLANG_WARN_BOOL_CONVERSION = YES;
				CLANG_WARN_CONSTANT_CONVERSION = YES;
				CLANG_WARN_DIRECT_OBJC_ISA_USAGE = YES_ERROR;
				CLANG_WARN_DOCUMENTATION_COMMENTS = YES;
				CLANG_WARN_EMPTY_BODY = YES;
				CLANG_WARN_ENUM_CONVERSION = YES;
				CLANG_WARN_INFINITE_RECURSION = YES;
				CLANG_WARN_INT_CONVERSION = YES;
				CLANG_WARN_OBJC_ROOT_CLASS = YES_ERROR;
				CLANG_WARN_SUSPICIOUS_MOVE = YES;
				CLANG_WARN_UNREACHABLE_CODE = YES;
				CLANG_WARN__DUPLICATE_METHOD_MATCH = YES;
				"CODE_SIGN_IDENTITY[sdk=iphoneos*]" = "iPhone Developer";
				COPY_PHASE_STRIP = NO;
				DEBUG_INFORMATION_FORMAT = dwarf;
				ENABLE_STRICT_OBJC_MSGSEND = YES;
				ENABLE_TESTABILITY = YES;
				GCC_C_LANGUAGE_STANDARD = gnu99;
				GCC_DYNAMIC_NO_PIC = NO;
				GCC_NO_COMMON_BLOCKS = YES;
				GCC_OPTIMIZATION_LEVEL = 0;
				GCC_PREPROCESSOR_DEFINITIONS = (
					"DEBUG=1",
					"$(inherited)",
				);
				GCC_WARN_64_TO_32_BIT_CONVERSION = YES;
				GCC_WARN_ABOUT_RETURN_TYPE = YES_ERROR;
				GCC_WARN_UNDECLARED_SELECTOR = YES;
				GCC_WARN_UNINITIALIZED_AUTOS = YES_AGGRESSIVE;
				GCC_WARN_UNUSED_FUNCTION = YES;
				GCC_WARN_UNUSED_VARIABLE = YES;
				IPHONEOS_DEPLOYMENT_TARGET = 10.0;
				MTL_ENABLE_DEBUG_INFO = YES;
				ONLY_ACTIVE_ARCH = YES;
				SDKROOT = iphoneos;
			};
			name = Debug;
		};
		8EA5CBEE1F0F713F0097A69F /* Release */ = {
			isa = XCBuildConfiguration;
			buildSettings = {
				ALWAYS_SEARCH_USER_PATHS = NO;
				CLANG_ANALYZER_NONNULL = YES;
				CLANG_ANALYZER_NUMBER_OBJECT_CONVERSION = YES_AGGRESSIVE;
				CLANG_CXX_LANGUAGE_STANDARD = "gnu++0x";
				CLANG_CXX_LIBRARY = "libc++";
				CLANG_ENABLE_MODULES = YES;
				CLANG_ENABLE_OBJC_ARC = YES;
				CLANG_WARN_BOOL_CONVERSION = YES;
				CLANG_WARN_CONSTANT_CONVERSION = YES;
				CLANG_WARN_DIRECT_OBJC_ISA_USAGE = YES_ERROR;
				CLANG_WARN_DOCUMENTATION_COMMENTS = YES;
				CLANG_WARN_EMPTY_BODY = YES;
				CLANG_WARN_ENUM_CONVERSION = YES;
				CLANG_WARN_INFINITE_RECURSION = YES;
				CLANG_WARN_INT_CONVERSION = YES;
				CLANG_WARN_OBJC_ROOT_CLASS = YES_ERROR;
				CLANG_WARN_SUSPICIOUS_MOVE = YES;
				CLANG_WARN_UNREACHABLE_CODE = YES;
				CLANG_WARN__DUPLICATE_METHOD_MATCH = YES;
				"CODE_SIGN_IDENTITY[sdk=iphoneos*]" = "iPhone Developer";
				COPY_PHASE_STRIP = NO;
				DEBUG_INFORMATION_FORMAT = "dwarf-with-dsym";
				ENABLE_NS_ASSERTIONS = NO;
				ENABLE_STRICT_OBJC_MSGSEND = YES;
				GCC_C_LANGUAGE_STANDARD = gnu99;
				GCC_NO_COMMON_BLOCKS = YES;
				GCC_WARN_64_TO_32_BIT_CONVERSION = YES;
				GCC_WARN_ABOUT_RETURN_TYPE = YES_ERROR;
				GCC_WARN_UNDECLARED_SELECTOR = YES;
				GCC_WARN_UNINITIALIZED_AUTOS = YES_AGGRESSIVE;
				GCC_WARN_UNUSED_FUNCTION = YES;
				GCC_WARN_UNUSED_VARIABLE = YES;
				IPHONEOS_DEPLOYMENT_TARGET = 10.0;
				MTL_ENABLE_DEBUG_INFO = NO;
				SDKROOT = iphoneos;
				VALIDATE_PRODUCT = YES;
			};
			name = Release;
		};
		8EA5CBF01F0F713F0097A69F /* Debug */ = {
			isa = XCBuildConfiguration;
			baseConfigurationReference = F0824BE8138474AB38807D41 /* Pods-FYPlayer.debug.xcconfig */;
			buildSettings = {
				ASSETCATALOG_COMPILER_APPICON_NAME = AppIcon;
				CLANG_ENABLE_MODULES = YES;
				CODE_SIGN_IDENTITY = "-";
				"CODE_SIGN_IDENTITY[sdk=iphoneos*]" = "iPhone Developer";
				DEVELOPMENT_TEAM = X36232M6Y9;
				INFOPLIST_FILE = FYPlayer/Info.plist;
				IPHONEOS_DEPLOYMENT_TARGET = 10.0;
				LD_RUNPATH_SEARCH_PATHS = "$(inherited) @executable_path/Frameworks";
				PRODUCT_BUNDLE_IDENTIFIER = com.fly.FYPlayer;
				PRODUCT_NAME = "$(TARGET_NAME)";
				PROVISIONING_PROFILE_SPECIFIER = "";
				SWIFT_OBJC_BRIDGING_HEADER = "FYPlayer/Application/FYPlayer-Bridging-Header.h";
				SWIFT_OPTIMIZATION_LEVEL = "-Onone";
				SWIFT_VERSION = 5.0;
				TARGETED_DEVICE_FAMILY = "1,2";
			};
			name = Debug;
		};
		8EA5CBF11F0F713F0097A69F /* Release */ = {
			isa = XCBuildConfiguration;
			baseConfigurationReference = 90EDEE1D2A59CA4332E06D40 /* Pods-FYPlayer.release.xcconfig */;
			buildSettings = {
				ASSETCATALOG_COMPILER_APPICON_NAME = AppIcon;
				CLANG_ENABLE_MODULES = YES;
				CODE_SIGN_IDENTITY = "-";
				"CODE_SIGN_IDENTITY[sdk=iphoneos*]" = "iPhone Developer";
				DEVELOPMENT_TEAM = X36232M6Y9;
				INFOPLIST_FILE = FYPlayer/Info.plist;
				IPHONEOS_DEPLOYMENT_TARGET = 10.0;
				LD_RUNPATH_SEARCH_PATHS = "$(inherited) @executable_path/Frameworks";
				PRODUCT_BUNDLE_IDENTIFIER = com.fly.FYPlayer;
				PRODUCT_NAME = "$(TARGET_NAME)";
				PROVISIONING_PROFILE_SPECIFIER = "";
				SWIFT_OBJC_BRIDGING_HEADER = "FYPlayer/Application/FYPlayer-Bridging-Header.h";
				SWIFT_VERSION = 5.0;
				TARGETED_DEVICE_FAMILY = "1,2";
			};
			name = Release;
		};
		8EA5CBF31F0F713F0097A69F /* Debug */ = {
			isa = XCBuildConfiguration;
			baseConfigurationReference = FED2BE76DEF7C1EB22688F2C /* Pods-FYPlayerTests.debug.xcconfig */;
			buildSettings = {
				ALWAYS_EMBED_SWIFT_STANDARD_LIBRARIES = YES;
				BUNDLE_LOADER = "$(TEST_HOST)";
				INFOPLIST_FILE = FYPlayerTests/Info.plist;
				LD_RUNPATH_SEARCH_PATHS = "$(inherited) @executable_path/Frameworks @loader_path/Frameworks";
				PRODUCT_BUNDLE_IDENTIFIER = com.fly.FYPlayerTests;
				PRODUCT_NAME = "$(TARGET_NAME)";
				TEST_HOST = "$(BUILT_PRODUCTS_DIR)/FYPlayer.app/FYPlayer";
			};
			name = Debug;
		};
		8EA5CBF41F0F713F0097A69F /* Release */ = {
			isa = XCBuildConfiguration;
			baseConfigurationReference = 48BA95DB1C79C02083C36779 /* Pods-FYPlayerTests.release.xcconfig */;
			buildSettings = {
				ALWAYS_EMBED_SWIFT_STANDARD_LIBRARIES = YES;
				BUNDLE_LOADER = "$(TEST_HOST)";
				INFOPLIST_FILE = FYPlayerTests/Info.plist;
				LD_RUNPATH_SEARCH_PATHS = "$(inherited) @executable_path/Frameworks @loader_path/Frameworks";
				PRODUCT_BUNDLE_IDENTIFIER = com.fly.FYPlayerTests;
				PRODUCT_NAME = "$(TARGET_NAME)";
				TEST_HOST = "$(BUILT_PRODUCTS_DIR)/FYPlayer.app/FYPlayer";
			};
			name = Release;
		};
/* End XCBuildConfiguration section */

/* Begin XCConfigurationList section */
		8EA5CBC81F0F713F0097A69F /* Build configuration list for PBXProject "FYPlayer" */ = {
			isa = XCConfigurationList;
			buildConfigurations = (
				8EA5CBED1F0F713F0097A69F /* Debug */,
				8EA5CBEE1F0F713F0097A69F /* Release */,
			);
			defaultConfigurationIsVisible = 0;
			defaultConfigurationName = Release;
		};
		8EA5CBEF1F0F713F0097A69F /* Build configuration list for PBXNativeTarget "FYPlayer" */ = {
			isa = XCConfigurationList;
			buildConfigurations = (
				8EA5CBF01F0F713F0097A69F /* Debug */,
				8EA5CBF11F0F713F0097A69F /* Release */,
			);
			defaultConfigurationIsVisible = 0;
			defaultConfigurationName = Release;
		};
		8EA5CBF21F0F713F0097A69F /* Build configuration list for PBXNativeTarget "FYPlayerTests" */ = {
			isa = XCConfigurationList;
			buildConfigurations = (
				8EA5CBF31F0F713F0097A69F /* Debug */,
				8EA5CBF41F0F713F0097A69F /* Release */,
			);
			defaultConfigurationIsVisible = 0;
			defaultConfigurationName = Release;
		};
/* End XCConfigurationList section */
	};
	rootObject = 8EA5CBC51F0F713F0097A69F /* Project object */;
}
